// !$*UTF8*$!
{
	archiveVersion = 1;
	classes = {
	};
	objectVersion = 46;
	objects = {

/* Begin PBXBuildFile section */
		4D9C50991F2A3D230070437A /* AppDelegate.swift in Sources */ = {isa = PBXBuildFile; fileRef = 4D9C50981F2A3D230070437A /* AppDelegate.swift */; };
		4D9C509B1F2A3D230070437A /* ViewController.swift in Sources */ = {isa = PBXBuildFile; fileRef = 4D9C509A1F2A3D230070437A /* ViewController.swift */; };
		4D9C509E1F2A3D230070437A /* Main.storyboard in Resources */ = {isa = PBXBuildFile; fileRef = 4D9C509C1F2A3D230070437A /* Main.storyboard */; };
		4D9C50A01F2A3D230070437A /* Assets.xcassets in Resources */ = {isa = PBXBuildFile; fileRef = 4D9C509F1F2A3D230070437A /* Assets.xcassets */; };
		4D9C50A31F2A3D230070437A /* LaunchScreen.storyboard in Resources */ = {isa = PBXBuildFile; fileRef = 4D9C50A11F2A3D230070437A /* LaunchScreen.storyboard */; };
/* End PBXBuildFile section */

/* Begin PBXFileReference section */
		4D9C50951F2A3D230070437A /* Milestone3.app */ = {isa = PBXFileReference; explicitFileType = wrapper.application; includeInIndex = 0; path = Milestone3.app; sourceTree = BUILT_PRODUCTS_DIR; };
		4D9C50981F2A3D230070437A /* AppDelegate.swift */ = {isa = PBXFileReference; lastKnownFileType = sourcecode.swift; path = AppDelegate.swift; sourceTree = "<group>"; };
		4D9C509A1F2A3D230070437A /* ViewController.swift */ = {isa = PBXFileReference; lastKnownFileType = sourcecode.swift; path = ViewController.swift; sourceTree = "<group>"; };
		4D9C509D1F2A3D230070437A /* Base */ = {isa = PBXFileReference; lastKnownFileType = file.storyboard; name = Base; path = Base.lproj/Main.storyboard; sourceTree = "<group>"; };
		4D9C509F1F2A3D230070437A /* Assets.xcassets */ = {isa = PBXFileReference; lastKnownFileType = folder.assetcatalog; path = Assets.xcassets; sourceTree = "<group>"; };
		4D9C50A21F2A3D230070437A /* Base */ = {isa = PBXFileReference; lastKnownFileType = file.storyboard; name = Base; path = Base.lproj/LaunchScreen.storyboard; sourceTree = "<group>"; };
		4D9C50A41F2A3D230070437A /* Info.plist */ = {isa = PBXFileReference; lastKnownFileType = text.plist.xml; path = Info.plist; sourceTree = "<group>"; };
/* End PBXFileReference section */

/* Begin PBXFrameworksBuildPhase section */
		4D9C50921F2A3D230070437A /* Frameworks */ = {
			isa = PBXFrameworksBuildPhase;
			buildActionMask = 2147483647;
			files = (
			);
			runOnlyForDeploymentPostprocessing = 0;
		};
/* End PBXFrameworksBuildPhase section */

/* Begin PBXGroup section */
		4D9C508C1F2A3D230070437A = {
			isa = PBXGroup;
			children = (
				4D9C50971F2A3D230070437A /* Milestone3 */,
				4D9C50961F2A3D230070437A /* Products */,
			);
			sourceTree = "<group>";
		};
		4D9C50961F2A3D230070437A /* Products */ = {
			isa = PBXGroup;
			children = (
				4D9C50951F2A3D230070437A /* Milestone3.app */,
			);
			name = Products;
			sourceTree = "<group>";
		};
		4D9C50971F2A3D230070437A /* Milestone3 */ = {
			isa = PBXGroup;
			children = (
				4D9C50981F2A3D230070437A /* AppDelegate.swift */,
				4D9C509A1F2A3D230070437A /* ViewController.swift */,
				4D9C509C1F2A3D230070437A /* Main.storyboard */,
				4D9C509F1F2A3D230070437A /* Assets.xcassets */,
				4D9C50A11F2A3D230070437A /* LaunchScreen.storyboard */,
				4D9C50A41F2A3D230070437A /* Info.plist */,
			);
			path = Milestone3;
			sourceTree = "<group>";
		};
/* End PBXGroup section */

/* Begin PBXNativeTarget section */
		4D9C50941F2A3D230070437A /* Milestone3 */ = {
			isa = PBXNativeTarget;
			buildConfigurationList = 4D9C50A71F2A3D230070437A /* Build configuration list for PBXNativeTarget "Milestone3" */;
			buildPhases = (
				4D9C50911F2A3D230070437A /* Sources */,
				4D9C50921F2A3D230070437A /* Frameworks */,
				4D9C50931F2A3D230070437A /* Resources */,
			);
			buildRules = (
			);
			dependencies = (
			);
			name = Milestone3;
			productName = Milestone3;
			productReference = 4D9C50951F2A3D230070437A /* Milestone3.app */;
			productType = "com.apple.product-type.application";
		};
/* End PBXNativeTarget section */

/* Begin PBXProject section */
		4D9C508D1F2A3D230070437A /* Project object */ = {
			isa = PBXProject;
			attributes = {
				LastSwiftUpdateCheck = 0830;
				LastUpgradeCheck = 0830;
				ORGANIZATIONNAME = Gameaholix;
				TargetAttributes = {
					4D9C50941F2A3D230070437A = {
						CreatedOnToolsVersion = 8.3.3;
						DevelopmentTeam = 2XM2MCTE5S;
						ProvisioningStyle = Automatic;
					};
				};
			};
			buildConfigurationList = 4D9C50901F2A3D230070437A /* Build configuration list for PBXProject "Milestone3" */;
			compatibilityVersion = "Xcode 3.2";
			developmentRegion = English;
			hasScannedForEncodings = 0;
			knownRegions = (
				en,
				Base,
			);
			mainGroup = 4D9C508C1F2A3D230070437A;
			productRefGroup = 4D9C50961F2A3D230070437A /* Products */;
			projectDirPath = "";
			projectRoot = "";
			targets = (
				4D9C50941F2A3D230070437A /* Milestone3 */,
			);
		};
/* End PBXProject section */

/* Begin PBXResourcesBuildPhase section */
		4D9C50931F2A3D230070437A /* Resources */ = {
			isa = PBXResourcesBuildPhase;
			buildActionMask = 2147483647;
			files = (
				4D9C50A31F2A3D230070437A /* LaunchScreen.storyboard in Resources */,
				4D9C50A01F2A3D230070437A /* Assets.xcassets in Resources */,
				4D9C509E1F2A3D230070437A /* Main.storyboard in Resources */,
			);
			runOnlyForDeploymentPostprocessing = 0;
		};
/* End PBXResourcesBuildPhase section */

/* Begin PBXSourcesBuildPhase section */
		4D9C50911F2A3D230070437A /* Sources */ = {
			isa = PBXSourcesBuildPhase;
			buildActionMask = 2147483647;
			files = (
				4D9C509B1F2A3D230070437A /* ViewController.swift in Sources */,
				4D9C50991F2A3D230070437A /* AppDelegate.swift in Sources */,
			);
			runOnlyForDeploymentPostprocessing = 0;
		};
/* End PBXSourcesBuildPhase section */

/* Begin PBXVariantGroup section */
		4D9C509C1F2A3D230070437A /* Main.storyboard */ = {
			isa = PBXVariantGroup;
			children = (
				4D9C509D1F2A3D230070437A /* Base */,
			);
			name = Main.storyboard;
			sourceTree = "<group>";
		};
		4D9C50A11F2A3D230070437A /* LaunchScreen.storyboard */ = {
			isa = PBXVariantGroup;
			children = (
				4D9C50A21F2A3D230070437A /* Base */,
			);
			name = LaunchScreen.storyboard;
			sourceTree = "<group>";
		};
/* End PBXVariantGroup section */

/* Begin XCBuildConfiguration section */
		4D9C50A51F2A3D230070437A /* Debug */ = {
			isa = XCBuildConfiguration;
			buildSettings = {
				ALWAYS_SEARCH_USER_PATHS = NO;
				CLANG_ANALYZER_NONNULL = YES;
				CLANG_ANALYZER_NUMBER_OBJECT_CONVERSION = YES_AGGRESSIVE;
				CLANG_CXX_LANGUAGE_STANDARD = "gnu++0x";
				CLANG_CXX_LIBRARY = "libc++";
				CLANG_ENABLE_MODULES = YES;
				CLANG_ENABLE_OBJC_ARC = YES;
				CLANG_WARN_BOOL_CONVERSION = YES;
				CLANG_WARN_CONSTANT_CONVERSION = YES;
				CLANG_WARN_DIRECT_OBJC_ISA_USAGE = YES_ERROR;
				CLANG_WARN_DOCUMENTATION_COMMENTS = YES;
				CLANG_WARN_EMPTY_BODY = YES;
				CLANG_WARN_ENUM_CONVERSION = YES;
				CLANG_WARN_INFINITE_RECURSION = YES;
				CLANG_WARN_INT_CONVERSION = YES;
				CLANG_WARN_OBJC_ROOT_CLASS = YES_ERROR;
				CLANG_WARN_SUSPICIOUS_MOVE = YES;
				CLANG_WARN_UNREACHABLE_CODE = YES;
				CLANG_WARN__DUPLICATE_METHOD_MATCH = YES;
				"CODE_SIGN_IDENTITY[sdk=iphoneos*]" = "iPhone Developer";
				COPY_PHASE_STRIP = NO;
				DEBUG_INFORMATION_FORMAT = dwarf;
				ENABLE_STRICT_OBJC_MSGSEND = YES;
				ENABLE_TESTABILITY = YES;
				GCC_C_LANGUAGE_STANDARD = gnu99;
				GCC_DYNAMIC_NO_PIC = NO;
				GCC_NO_COMMON_BLOCKS = YES;
				GCC_OPTIMIZATION_LEVEL = 0;
				GCC_PREPROCESSOR_DEFINITIONS = (
					"DEBUG=1",
					"$(inherited)",
				);
				GCC_WARN_64_TO_32_BIT_CONVERSION = YES;
				GCC_WARN_ABOUT_RETURN_TYPE = YES_ERROR;
				GCC_WARN_UNDECLARED_SELECTOR = YES;
				GCC_WARN_UNINITIALIZED_AUTOS = YES_AGGRESSIVE;
				GCC_WARN_UNUSED_FUNCTION = YES;
				GCC_WARN_UNUSED_VARIABLE = YES;
				IPHONEOS_DEPLOYMENT_TARGET = 10.3;
				MTL_ENABLE_DEBUG_INFO = YES;
				ONLY_ACTIVE_ARCH = YES;
				SDKROOT = iphoneos;
				SWIFT_ACTIVE_COMPILATION_CONDITIONS = DEBUG;
				SWIFT_OPTIMIZATION_LEVEL = "-Onone";
				TARGETED_DEVICE_FAMILY = 2;
			};
			name = Debug;
		};
		4D9C50A61F2A3D230070437A /* Release */ = {
			isa = XCBuildConfiguration;
			buildSettings = {
				ALWAYS_SEARCH_USER_PATHS = NO;
				CLANG_ANALYZER_NONNULL = YES;
				CLANG_ANALYZER_NUMBER_OBJECT_CONVERSION = YES_AGGRESSIVE;
				CLANG_CXX_LANGUAGE_STANDARD = "gnu++0x";
				CLANG_CXX_LIBRARY = "libc++";
				CLANG_ENABLE_MODULES = YES;
				CLANG_ENABLE_OBJC_ARC = YES;
				CLANG_WARN_BOOL_CONVERSION = YES;
				CLANG_WARN_CONSTANT_CONVERSION = YES;
				CLANG_WARN_DIRECT_OBJC_ISA_USAGE = YES_ERROR;
				CLANG_WARN_DOCUMENTATION_COMMENTS = YES;
				CLANG_WARN_EMPTY_BODY = YES;
				CLANG_WARN_ENUM_CONVERSION = YES;
				CLANG_WARN_INFINITE_RECURSION = YES;
				CLANG_WARN_INT_CONVERSION = YES;
				CLANG_WARN_OBJC_ROOT_CLASS = YES_ERROR;
				CLANG_WARN_SUSPICIOUS_MOVE = YES;
				CLANG_WARN_UNREACHABLE_CODE = YES;
				CLANG_WARN__DUPLICATE_METHOD_MATCH = YES;
				"CODE_SIGN_IDENTITY[sdk=iphoneos*]" = "iPhone Developer";
				COPY_PHASE_STRIP = NO;
				DEBUG_INFORMATION_FORMAT = "dwarf-with-dsym";
				ENABLE_NS_ASSERTIONS = NO;
				ENABLE_STRICT_OBJC_MSGSEND = YES;
				GCC_C_LANGUAGE_STANDARD = gnu99;
				GCC_NO_COMMON_BLOCKS = YES;
				GCC_WARN_64_TO_32_BIT_CONVERSION = YES;
				GCC_WARN_ABOUT_RETURN_TYPE = YES_ERROR;
				GCC_WARN_UNDECLARED_SELECTOR = YES;
				GCC_WARN_UNINITIALIZED_AUTOS = YES_AGGRESSIVE;
				GCC_WARN_UNUSED_FUNCTION = YES;
				GCC_WARN_UNUSED_VARIABLE = YES;
				IPHONEOS_DEPLOYMENT_TARGET = 10.3;
				MTL_ENABLE_DEBUG_INFO = NO;
				SDKROOT = iphoneos;
				SWIFT_OPTIMIZATION_LEVEL = "-Owholemodule";
				TARGETED_DEVICE_FAMILY = 2;
				VALIDATE_PRODUCT = YES;
			};
			name = Release;
		};
		4D9C50A81F2A3D230070437A /* Debug */ = {
			isa = XCBuildConfiguration;
			buildSettings = {
				ASSETCATALOG_COMPILER_APPICON_NAME = AppIcon;
				DEVELOPMENT_TEAM = 2XM2MCTE5S;
				INFOPLIST_FILE = Milestone3/Info.plist;
				LD_RUNPATH_SEARCH_PATHS = "$(inherited) @executable_path/Frameworks";
				PRODUCT_BUNDLE_IDENTIFIER = com.gameaholix.Milestone3;
				PRODUCT_NAME = "$(TARGET_NAME)";
				SWIFT_VERSION = 3.0;
				TARGETED_DEVICE_FAMILY = 1;
			};
			name = Debug;
		};
		4D9C50A91F2A3D230070437A /* Release */ = {
			isa = XCBuildConfiguration;
			buildSettings = {
				ASSETCATALOG_COMPILER_APPICON_NAME = AppIcon;
				DEVELOPMENT_TEAM = 2XM2MCTE5S;
				INFOPLIST_FILE = Milestone3/Info.plist;
				LD_RUNPATH_SEARCH_PATHS = "$(inherited) @executable_path/Frameworks";
				PRODUCT_BUNDLE_IDENTIFIER = com.gameaholix.Milestone3;
				PRODUCT_NAME = "$(TARGET_NAME)";
				SWIFT_VERSION = 3.0;
				TARGETED_DEVICE_FAMILY = 1;
			};
			name = Release;
		};
/* End XCBuildConfiguration section */

/* Begin XCConfigurationList section */
		4D9C50901F2A3D230070437A /* Build configuration list for PBXProject "Milestone3" */ = {
			isa = XCConfigurationList;
			buildConfigurations = (
				4D9C50A51F2A3D230070437A /* Debug */,
				4D9C50A61F2A3D230070437A /* Release */,
			);
			defaultConfigurationIsVisible = 0;
			defaultConfigurationName = Release;
		};
		4D9C50A71F2A3D230070437A /* Build configuration list for PBXNativeTarget "Milestone3" */ = {
			isa = XCConfigurationList;
			buildConfigurations = (
				4D9C50A81F2A3D230070437A /* Debug */,
				4D9C50A91F2A3D230070437A /* Release */,
			);
			defaultConfigurationIsVisible = 0;
		};
/* End XCConfigurationList section */
	};
	rootObject = 4D9C508D1F2A3D230070437A /* Project object */;
}
