// !$*UTF8*$!
{
	archiveVersion = 1;
	classes = {
	};
	objectVersion = 46;
	objects = {

/* Begin PBXBuildFile section */
		4DABC9ED1F368650002855AA /* AppDelegate.swift in Sources */ = {isa = PBXBuildFile; fileRef = 4DABC9EC1F368650002855AA /* AppDelegate.swift */; };
		4DABC9EF1F368650002855AA /* ViewController.swift in Sources */ = {isa = PBXBuildFile; fileRef = 4DABC9EE1F368650002855AA /* ViewController.swift */; };
		4DABC9F21F368650002855AA /* Main.storyboard in Resources */ = {isa = PBXBuildFile; fileRef = 4DABC9F01F368650002855AA /* Main.storyboard */; };
		4DABC9F41F368650002855AA /* Assets.xcassets in Resources */ = {isa = PBXBuildFile; fileRef = 4DABC9F31F368650002855AA /* Assets.xcassets */; };
		4DABC9F71F368650002855AA /* LaunchScreen.storyboard in Resources */ = {isa = PBXBuildFile; fileRef = 4DABC9F51F368650002855AA /* LaunchScreen.storyboard */; };
		4DABC9FF1F3686F0002855AA /* DetailViewController.swift in Sources */ = {isa = PBXBuildFile; fileRef = 4DABC9FE1F3686F0002855AA /* DetailViewController.swift */; };
		4DABCA011F368709002855AA /* Note.swift in Sources */ = {isa = PBXBuildFile; fileRef = 4DABCA001F368709002855AA /* Note.swift */; };
/* End PBXBuildFile section */

/* Begin PBXFileReference section */
		4DABC9E91F368650002855AA /* Milestone7.app */ = {isa = PBXFileReference; explicitFileType = wrapper.application; includeInIndex = 0; path = Milestone7.app; sourceTree = BUILT_PRODUCTS_DIR; };
		4DABC9EC1F368650002855AA /* AppDelegate.swift */ = {isa = PBXFileReference; lastKnownFileType = sourcecode.swift; path = AppDelegate.swift; sourceTree = "<group>"; };
		4DABC9EE1F368650002855AA /* ViewController.swift */ = {isa = PBXFileReference; lastKnownFileType = sourcecode.swift; path = ViewController.swift; sourceTree = "<group>"; };
		4DABC9F11F368650002855AA /* Base */ = {isa = PBXFileReference; lastKnownFileType = file.storyboard; name = Base; path = Base.lproj/Main.storyboard; sourceTree = "<group>"; };
		4DABC9F31F368650002855AA /* Assets.xcassets */ = {isa = PBXFileReference; lastKnownFileType = folder.assetcatalog; path = Assets.xcassets; sourceTree = "<group>"; };
		4DABC9F61F368650002855AA /* Base */ = {isa = PBXFileReference; lastKnownFileType = file.storyboard; name = Base; path = Base.lproj/LaunchScreen.storyboard; sourceTree = "<group>"; };
		4DABC9F81F368650002855AA /* Info.plist */ = {isa = PBXFileReference; lastKnownFileType = text.plist.xml; path = Info.plist; sourceTree = "<group>"; };
		4DABC9FE1F3686F0002855AA /* DetailViewController.swift */ = {isa = PBXFileReference; fileEncoding = 4; lastKnownFileType = sourcecode.swift; path = DetailViewController.swift; sourceTree = "<group>"; };
		4DABCA001F368709002855AA /* Note.swift */ = {isa = PBXFileReference; fileEncoding = 4; lastKnownFileType = sourcecode.swift; path = Note.swift; sourceTree = "<group>"; };
/* End PBXFileReference section */

/* Begin PBXFrameworksBuildPhase section */
		4DABC9E61F368650002855AA /* Frameworks */ = {
			isa = PBXFrameworksBuildPhase;
			buildActionMask = 2147483647;
			files = (
			);
			runOnlyForDeploymentPostprocessing = 0;
		};
/* End PBXFrameworksBuildPhase section */

/* Begin PBXGroup section */
		4DABC9E01F368650002855AA = {
			isa = PBXGroup;
			children = (
				4DABC9EB1F368650002855AA /* Milestone7 */,
				4DABC9EA1F368650002855AA /* Products */,
			);
			sourceTree = "<group>";
		};
		4DABC9EA1F368650002855AA /* Products */ = {
			isa = PBXGroup;
			children = (
				4DABC9E91F368650002855AA /* Milestone7.app */,
			);
			name = Products;
			sourceTree = "<group>";
		};
		4DABC9EB1F368650002855AA /* Milestone7 */ = {
			isa = PBXGroup;
			children = (
				4DABC9EC1F368650002855AA /* AppDelegate.swift */,
				4DABC9EE1F368650002855AA /* ViewController.swift */,
				4DABC9FE1F3686F0002855AA /* DetailViewController.swift */,
				4DABCA001F368709002855AA /* Note.swift */,
				4DABC9F01F368650002855AA /* Main.storyboard */,
				4DABC9F31F368650002855AA /* Assets.xcassets */,
				4DABC9F51F368650002855AA /* LaunchScreen.storyboard */,
				4DABC9F81F368650002855AA /* Info.plist */,
			);
			path = Milestone7;
			sourceTree = "<group>";
		};
/* End PBXGroup section */

/* Begin PBXNativeTarget section */
		4DABC9E81F368650002855AA /* Milestone7 */ = {
			isa = PBXNativeTarget;
			buildConfigurationList = 4DABC9FB1F368650002855AA /* Build configuration list for PBXNativeTarget "Milestone7" */;
			buildPhases = (
				4DABC9E51F368650002855AA /* Sources */,
				4DABC9E61F368650002855AA /* Frameworks */,
				4DABC9E71F368650002855AA /* Resources */,
			);
			buildRules = (
			);
			dependencies = (
			);
			name = Milestone7;
			productName = Milestone7;
			productReference = 4DABC9E91F368650002855AA /* Milestone7.app */;
			productType = "com.apple.product-type.application";
		};
/* End PBXNativeTarget section */

/* Begin PBXProject section */
		4DABC9E11F368650002855AA /* Project object */ = {
			isa = PBXProject;
			attributes = {
				LastSwiftUpdateCheck = 0830;
				LastUpgradeCheck = 0830;
				ORGANIZATIONNAME = Gameaholix;
				TargetAttributes = {
					4DABC9E81F368650002855AA = {
						CreatedOnToolsVersion = 8.3.3;
						DevelopmentTeam = 2XM2MCTE5S;
						ProvisioningStyle = Automatic;
					};
				};
			};
			buildConfigurationList = 4DABC9E41F368650002855AA /* Build configuration list for PBXProject "Milestone7" */;
			compatibilityVersion = "Xcode 3.2";
			developmentRegion = English;
			hasScannedForEncodings = 0;
			knownRegions = (
				en,
				Base,
			);
			mainGroup = 4DABC9E01F368650002855AA;
			productRefGroup = 4DABC9EA1F368650002855AA /* Products */;
			projectDirPath = "";
			projectRoot = "";
			targets = (
				4DABC9E81F368650002855AA /* Milestone7 */,
			);
		};
/* End PBXProject section */

/* Begin PBXResourcesBuildPhase section */
		4DABC9E71F368650002855AA /* Resources */ = {
			isa = PBXResourcesBuildPhase;
			buildActionMask = 2147483647;
			files = (
				4DABC9F71F368650002855AA /* LaunchScreen.storyboard in Resources */,
				4DABC9F41F368650002855AA /* Assets.xcassets in Resources */,
				4DABC9F21F368650002855AA /* Main.storyboard in Resources */,
			);
			runOnlyForDeploymentPostprocessing = 0;
		};
/* End PBXResourcesBuildPhase section */

/* Begin PBXSourcesBuildPhase section */
		4DABC9E51F368650002855AA /* Sources */ = {
			isa = PBXSourcesBuildPhase;
			buildActionMask = 2147483647;
			files = (
				4DABC9FF1F3686F0002855AA /* DetailViewController.swift in Sources */,
				4DABC9EF1F368650002855AA /* ViewController.swift in Sources */,
				4DABC9ED1F368650002855AA /* AppDelegate.swift in Sources */,
				4DABCA011F368709002855AA /* Note.swift in Sources */,
			);
			runOnlyForDeploymentPostprocessing = 0;
		};
/* End PBXSourcesBuildPhase section */

/* Begin PBXVariantGroup section */
		4DABC9F01F368650002855AA /* Main.storyboard */ = {
			isa = PBXVariantGroup;
			children = (
				4DABC9F11F368650002855AA /* Base */,
			);
			name = Main.storyboard;
			sourceTree = "<group>";
		};
		4DABC9F51F368650002855AA /* LaunchScreen.storyboard */ = {
			isa = PBXVariantGroup;
			children = (
				4DABC9F61F368650002855AA /* Base */,
			);
			name = LaunchScreen.storyboard;
			sourceTree = "<group>";
		};
/* End PBXVariantGroup section */

/* Begin XCBuildConfiguration section */
		4DABC9F91F368650002855AA /* Debug */ = {
			isa = XCBuildConfiguration;
			buildSettings = {
				ALWAYS_SEARCH_USER_PATHS = NO;
				CLANG_ANALYZER_NONNULL = YES;
				CLANG_ANALYZER_NUMBER_OBJECT_CONVERSION = YES_AGGRESSIVE;
				CLANG_CXX_LANGUAGE_STANDARD = "gnu++0x";
				CLANG_CXX_LIBRARY = "libc++";
				CLANG_ENABLE_MODULES = YES;
				CLANG_ENABLE_OBJC_ARC = YES;
				CLANG_WARN_BOOL_CONVERSION = YES;
				CLANG_WARN_CONSTANT_CONVERSION = YES;
				CLANG_WARN_DIRECT_OBJC_ISA_USAGE = YES_ERROR;
				CLANG_WARN_DOCUMENTATION_COMMENTS = YES;
				CLANG_WARN_EMPTY_BODY = YES;
				CLANG_WARN_ENUM_CONVERSION = YES;
				CLANG_WARN_INFINITE_RECURSION = YES;
				CLANG_WARN_INT_CONVERSION = YES;
				CLANG_WARN_OBJC_ROOT_CLASS = YES_ERROR;
				CLANG_WARN_SUSPICIOUS_MOVE = YES;
				CLANG_WARN_UNREACHABLE_CODE = YES;
				CLANG_WARN__DUPLICATE_METHOD_MATCH = YES;
				"CODE_SIGN_IDENTITY[sdk=iphoneos*]" = "iPhone Developer";
				COPY_PHASE_STRIP = NO;
				DEBUG_INFORMATION_FORMAT = dwarf;
				ENABLE_STRICT_OBJC_MSGSEND = YES;
				ENABLE_TESTABILITY = YES;
				GCC_C_LANGUAGE_STANDARD = gnu99;
				GCC_DYNAMIC_NO_PIC = NO;
				GCC_NO_COMMON_BLOCKS = YES;
				GCC_OPTIMIZATION_LEVEL = 0;
				GCC_PREPROCESSOR_DEFINITIONS = (
					"DEBUG=1",
					"$(inherited)",
				);
				GCC_WARN_64_TO_32_BIT_CONVERSION = YES;
				GCC_WARN_ABOUT_RETURN_TYPE = YES_ERROR;
				GCC_WARN_UNDECLARED_SELECTOR = YES;
				GCC_WARN_UNINITIALIZED_AUTOS = YES_AGGRESSIVE;
				GCC_WARN_UNUSED_FUNCTION = YES;
				GCC_WARN_UNUSED_VARIABLE = YES;
				IPHONEOS_DEPLOYMENT_TARGET = 10.3;
				MTL_ENABLE_DEBUG_INFO = YES;
				ONLY_ACTIVE_ARCH = YES;
				SDKROOT = iphoneos;
				SWIFT_ACTIVE_COMPILATION_CONDITIONS = DEBUG;
				SWIFT_OPTIMIZATION_LEVEL = "-Onone";
			};
			name = Debug;
		};
		4DABC9FA1F368650002855AA /* Release */ = {
			isa = XCBuildConfiguration;
			buildSettings = {
				ALWAYS_SEARCH_USER_PATHS = NO;
				CLANG_ANALYZER_NONNULL = YES;
				CLANG_ANALYZER_NUMBER_OBJECT_CONVERSION = YES_AGGRESSIVE;
				CLANG_CXX_LANGUAGE_STANDARD = "gnu++0x";
				CLANG_CXX_LIBRARY = "libc++";
				CLANG_ENABLE_MODULES = YES;
				CLANG_ENABLE_OBJC_ARC = YES;
				CLANG_WARN_BOOL_CONVERSION = YES;
				CLANG_WARN_CONSTANT_CONVERSION = YES;
				CLANG_WARN_DIRECT_OBJC_ISA_USAGE = YES_ERROR;
				CLANG_WARN_DOCUMENTATION_COMMENTS = YES;
				CLANG_WARN_EMPTY_BODY = YES;
				CLANG_WARN_ENUM_CONVERSION = YES;
				CLANG_WARN_INFINITE_RECURSION = YES;
				CLANG_WARN_INT_CONVERSION = YES;
				CLANG_WARN_OBJC_ROOT_CLASS = YES_ERROR;
				CLANG_WARN_SUSPICIOUS_MOVE = YES;
				CLANG_WARN_UNREACHABLE_CODE = YES;
				CLANG_WARN__DUPLICATE_METHOD_MATCH = YES;
				"CODE_SIGN_IDENTITY[sdk=iphoneos*]" = "iPhone Developer";
				COPY_PHASE_STRIP = NO;
				DEBUG_INFORMATION_FORMAT = "dwarf-with-dsym";
				ENABLE_NS_ASSERTIONS = NO;
				ENABLE_STRICT_OBJC_MSGSEND = YES;
				GCC_C_LANGUAGE_STANDARD = gnu99;
				GCC_NO_COMMON_BLOCKS = YES;
				GCC_WARN_64_TO_32_BIT_CONVERSION = YES;
				GCC_WARN_ABOUT_RETURN_TYPE = YES_ERROR;
				GCC_WARN_UNDECLARED_SELECTOR = YES;
				GCC_WARN_UNINITIALIZED_AUTOS = YES_AGGRESSIVE;
				GCC_WARN_UNUSED_FUNCTION = YES;
				GCC_WARN_UNUSED_VARIABLE = YES;
				IPHONEOS_DEPLOYMENT_TARGET = 10.3;
				MTL_ENABLE_DEBUG_INFO = NO;
				SDKROOT = iphoneos;
				SWIFT_OPTIMIZATION_LEVEL = "-Owholemodule";
				VALIDATE_PRODUCT = YES;
			};
			name = Release;
		};
		4DABC9FC1F368650002855AA /* Debug */ = {
			isa = XCBuildConfiguration;
			buildSettings = {
				ASSETCATALOG_COMPILER_APPICON_NAME = AppIcon;
				DEVELOPMENT_TEAM = 2XM2MCTE5S;
				INFOPLIST_FILE = Milestone7/Info.plist;
				LD_RUNPATH_SEARCH_PATHS = "$(inherited) @executable_path/Frameworks";
				PRODUCT_BUNDLE_IDENTIFIER = com.gameaholix.Milestone7;
				PRODUCT_NAME = "$(TARGET_NAME)";
				SWIFT_VERSION = 3.0;
			};
			name = Debug;
		};
		4DABC9FD1F368650002855AA /* Release */ = {
			isa = XCBuildConfiguration;
			buildSettings = {
				ASSETCATALOG_COMPILER_APPICON_NAME = AppIcon;
				DEVELOPMENT_TEAM = 2XM2MCTE5S;
				INFOPLIST_FILE = Milestone7/Info.plist;
				LD_RUNPATH_SEARCH_PATHS = "$(inherited) @executable_path/Frameworks";
				PRODUCT_BUNDLE_IDENTIFIER = com.gameaholix.Milestone7;
				PRODUCT_NAME = "$(TARGET_NAME)";
				SWIFT_VERSION = 3.0;
			};
			name = Release;
		};
/* End XCBuildConfiguration section */

/* Begin XCConfigurationList section */
		4DABC9E41F368650002855AA /* Build configuration list for PBXProject "Milestone7" */ = {
			isa = XCConfigurationList;
			buildConfigurations = (
				4DABC9F91F368650002855AA /* Debug */,
				4DABC9FA1F368650002855AA /* Release */,
			);
			defaultConfigurationIsVisible = 0;
			defaultConfigurationName = Release;
		};
		4DABC9FB1F368650002855AA /* Build configuration list for PBXNativeTarget "Milestone7" */ = {
			isa = XCConfigurationList;
			buildConfigurations = (
				4DABC9FC1F368650002855AA /* Debug */,
				4DABC9FD1F368650002855AA /* Release */,
			);
			defaultConfigurationIsVisible = 0;
		};
/* End XCConfigurationList section */
	};
	rootObject = 4DABC9E11F368650002855AA /* Project object */;
}
