// !$*UTF8*$!
{
	archiveVersion = 1;
	classes = {
	};
	objectVersion = 46;
	objects = {

/* Begin PBXBuildFile section */
		4DB8443E1F6085EC009D33CF /* AppDelegate.swift in Sources */ = {isa = PBXBuildFile; fileRef = 4DB8443D1F6085EC009D33CF /* AppDelegate.swift */; };
		4DB844401F6085EC009D33CF /* ViewController.swift in Sources */ = {isa = PBXBuildFile; fileRef = 4DB8443F1F6085EC009D33CF /* ViewController.swift */; };
		4DB844431F6085EC009D33CF /* Main.storyboard in Resources */ = {isa = PBXBuildFile; fileRef = 4DB844411F6085EC009D33CF /* Main.storyboard */; };
		4DB844451F6085EC009D33CF /* Assets.xcassets in Resources */ = {isa = PBXBuildFile; fileRef = 4DB844441F6085EC009D33CF /* Assets.xcassets */; };
		4DB844481F6085EC009D33CF /* LaunchScreen.storyboard in Resources */ = {isa = PBXBuildFile; fileRef = 4DB844461F6085EC009D33CF /* LaunchScreen.storyboard */; };
/* End PBXBuildFile section */

/* Begin PBXFileReference section */
		4DB8443A1F6085EC009D33CF /* Milestone10.app */ = {isa = PBXFileReference; explicitFileType = wrapper.application; includeInIndex = 0; path = Milestone10.app; sourceTree = BUILT_PRODUCTS_DIR; };
		4DB8443D1F6085EC009D33CF /* AppDelegate.swift */ = {isa = PBXFileReference; lastKnownFileType = sourcecode.swift; path = AppDelegate.swift; sourceTree = "<group>"; };
		4DB8443F1F6085EC009D33CF /* ViewController.swift */ = {isa = PBXFileReference; lastKnownFileType = sourcecode.swift; path = ViewController.swift; sourceTree = "<group>"; };
		4DB844421F6085EC009D33CF /* Base */ = {isa = PBXFileReference; lastKnownFileType = file.storyboard; name = Base; path = Base.lproj/Main.storyboard; sourceTree = "<group>"; };
		4DB844441F6085EC009D33CF /* Assets.xcassets */ = {isa = PBXFileReference; lastKnownFileType = folder.assetcatalog; path = Assets.xcassets; sourceTree = "<group>"; };
		4DB844471F6085EC009D33CF /* Base */ = {isa = PBXFileReference; lastKnownFileType = file.storyboard; name = Base; path = Base.lproj/LaunchScreen.storyboard; sourceTree = "<group>"; };
		4DB844491F6085EC009D33CF /* Info.plist */ = {isa = PBXFileReference; lastKnownFileType = text.plist.xml; path = Info.plist; sourceTree = "<group>"; };
/* End PBXFileReference section */

/* Begin PBXFrameworksBuildPhase section */
		4DB844371F6085EC009D33CF /* Frameworks */ = {
			isa = PBXFrameworksBuildPhase;
			buildActionMask = 2147483647;
			files = (
			);
			runOnlyForDeploymentPostprocessing = 0;
		};
/* End PBXFrameworksBuildPhase section */

/* Begin PBXGroup section */
		4DB844311F6085EB009D33CF = {
			isa = PBXGroup;
			children = (
				4DB8443C1F6085EC009D33CF /* Milestone10 */,
				4DB8443B1F6085EC009D33CF /* Products */,
			);
			sourceTree = "<group>";
		};
		4DB8443B1F6085EC009D33CF /* Products */ = {
			isa = PBXGroup;
			children = (
				4DB8443A1F6085EC009D33CF /* Milestone10.app */,
			);
			name = Products;
			sourceTree = "<group>";
		};
		4DB8443C1F6085EC009D33CF /* Milestone10 */ = {
			isa = PBXGroup;
			children = (
				4DB8443D1F6085EC009D33CF /* AppDelegate.swift */,
				4DB8443F1F6085EC009D33CF /* ViewController.swift */,
				4DB844411F6085EC009D33CF /* Main.storyboard */,
				4DB844441F6085EC009D33CF /* Assets.xcassets */,
				4DB844461F6085EC009D33CF /* LaunchScreen.storyboard */,
				4DB844491F6085EC009D33CF /* Info.plist */,
			);
			path = Milestone10;
			sourceTree = "<group>";
		};
/* End PBXGroup section */

/* Begin PBXNativeTarget section */
		4DB844391F6085EC009D33CF /* Milestone10 */ = {
			isa = PBXNativeTarget;
			buildConfigurationList = 4DB8444C1F6085EC009D33CF /* Build configuration list for PBXNativeTarget "Milestone10" */;
			buildPhases = (
				4DB844361F6085EC009D33CF /* Sources */,
				4DB844371F6085EC009D33CF /* Frameworks */,
				4DB844381F6085EC009D33CF /* Resources */,
			);
			buildRules = (
			);
			dependencies = (
			);
			name = Milestone10;
			productName = Milestone10;
			productReference = 4DB8443A1F6085EC009D33CF /* Milestone10.app */;
			productType = "com.apple.product-type.application";
		};
/* End PBXNativeTarget section */

/* Begin PBXProject section */
		4DB844321F6085EB009D33CF /* Project object */ = {
			isa = PBXProject;
			attributes = {
				LastSwiftUpdateCheck = 0830;
				LastUpgradeCheck = 0830;
				ORGANIZATIONNAME = Gameaholix;
				TargetAttributes = {
					4DB844391F6085EC009D33CF = {
						CreatedOnToolsVersion = 8.3.3;
						DevelopmentTeam = 2XM2MCTE5S;
						ProvisioningStyle = Automatic;
					};
				};
			};
			buildConfigurationList = 4DB844351F6085EB009D33CF /* Build configuration list for PBXProject "Milestone10" */;
			compatibilityVersion = "Xcode 3.2";
			developmentRegion = English;
			hasScannedForEncodings = 0;
			knownRegions = (
				en,
				Base,
			);
			mainGroup = 4DB844311F6085EB009D33CF;
			productRefGroup = 4DB8443B1F6085EC009D33CF /* Products */;
			projectDirPath = "";
			projectRoot = "";
			targets = (
				4DB844391F6085EC009D33CF /* Milestone10 */,
			);
		};
/* End PBXProject section */

/* Begin PBXResourcesBuildPhase section */
		4DB844381F6085EC009D33CF /* Resources */ = {
			isa = PBXResourcesBuildPhase;
			buildActionMask = 2147483647;
			files = (
				4DB844481F6085EC009D33CF /* LaunchScreen.storyboard in Resources */,
				4DB844451F6085EC009D33CF /* Assets.xcassets in Resources */,
				4DB844431F6085EC009D33CF /* Main.storyboard in Resources */,
			);
			runOnlyForDeploymentPostprocessing = 0;
		};
/* End PBXResourcesBuildPhase section */

/* Begin PBXSourcesBuildPhase section */
		4DB844361F6085EC009D33CF /* Sources */ = {
			isa = PBXSourcesBuildPhase;
			buildActionMask = 2147483647;
			files = (
				4DB844401F6085EC009D33CF /* ViewController.swift in Sources */,
				4DB8443E1F6085EC009D33CF /* AppDelegate.swift in Sources */,
			);
			runOnlyForDeploymentPostprocessing = 0;
		};
/* End PBXSourcesBuildPhase section */

/* Begin PBXVariantGroup section */
		4DB844411F6085EC009D33CF /* Main.storyboard */ = {
			isa = PBXVariantGroup;
			children = (
				4DB844421F6085EC009D33CF /* Base */,
			);
			name = Main.storyboard;
			sourceTree = "<group>";
		};
		4DB844461F6085EC009D33CF /* LaunchScreen.storyboard */ = {
			isa = PBXVariantGroup;
			children = (
				4DB844471F6085EC009D33CF /* Base */,
			);
			name = LaunchScreen.storyboard;
			sourceTree = "<group>";
		};
/* End PBXVariantGroup section */

/* Begin XCBuildConfiguration section */
		4DB8444A1F6085EC009D33CF /* Debug */ = {
			isa = XCBuildConfiguration;
			buildSettings = {
				ALWAYS_SEARCH_USER_PATHS = NO;
				CLANG_ANALYZER_NONNULL = YES;
				CLANG_ANALYZER_NUMBER_OBJECT_CONVERSION = YES_AGGRESSIVE;
				CLANG_CXX_LANGUAGE_STANDARD = "gnu++0x";
				CLANG_CXX_LIBRARY = "libc++";
				CLANG_ENABLE_MODULES = YES;
				CLANG_ENABLE_OBJC_ARC = YES;
				CLANG_WARN_BOOL_CONVERSION = YES;
				CLANG_WARN_CONSTANT_CONVERSION = YES;
				CLANG_WARN_DIRECT_OBJC_ISA_USAGE = YES_ERROR;
				CLANG_WARN_DOCUMENTATION_COMMENTS = YES;
				CLANG_WARN_EMPTY_BODY = YES;
				CLANG_WARN_ENUM_CONVERSION = YES;
				CLANG_WARN_INFINITE_RECURSION = YES;
				CLANG_WARN_INT_CONVERSION = YES;
				CLANG_WARN_OBJC_ROOT_CLASS = YES_ERROR;
				CLANG_WARN_SUSPICIOUS_MOVE = YES;
				CLANG_WARN_UNREACHABLE_CODE = YES;
				CLANG_WARN__DUPLICATE_METHOD_MATCH = YES;
				"CODE_SIGN_IDENTITY[sdk=iphoneos*]" = "iPhone Developer";
				COPY_PHASE_STRIP = NO;
				DEBUG_INFORMATION_FORMAT = dwarf;
				ENABLE_STRICT_OBJC_MSGSEND = YES;
				ENABLE_TESTABILITY = YES;
				GCC_C_LANGUAGE_STANDARD = gnu99;
				GCC_DYNAMIC_NO_PIC = NO;
				GCC_NO_COMMON_BLOCKS = YES;
				GCC_OPTIMIZATION_LEVEL = 0;
				GCC_PREPROCESSOR_DEFINITIONS = (
					"DEBUG=1",
					"$(inherited)",
				);
				GCC_WARN_64_TO_32_BIT_CONVERSION = YES;
				GCC_WARN_ABOUT_RETURN_TYPE = YES_ERROR;
				GCC_WARN_UNDECLARED_SELECTOR = YES;
				GCC_WARN_UNINITIALIZED_AUTOS = YES_AGGRESSIVE;
				GCC_WARN_UNUSED_FUNCTION = YES;
				GCC_WARN_UNUSED_VARIABLE = YES;
				IPHONEOS_DEPLOYMENT_TARGET = 10.3;
				MTL_ENABLE_DEBUG_INFO = YES;
				ONLY_ACTIVE_ARCH = YES;
				SDKROOT = iphoneos;
				SWIFT_ACTIVE_COMPILATION_CONDITIONS = DEBUG;
				SWIFT_OPTIMIZATION_LEVEL = "-Onone";
				TARGETED_DEVICE_FAMILY = 2;
			};
			name = Debug;
		};
		4DB8444B1F6085EC009D33CF /* Release */ = {
			isa = XCBuildConfiguration;
			buildSettings = {
				ALWAYS_SEARCH_USER_PATHS = NO;
				CLANG_ANALYZER_NONNULL = YES;
				CLANG_ANALYZER_NUMBER_OBJECT_CONVERSION = YES_AGGRESSIVE;
				CLANG_CXX_LANGUAGE_STANDARD = "gnu++0x";
				CLANG_CXX_LIBRARY = "libc++";
				CLANG_ENABLE_MODULES = YES;
				CLANG_ENABLE_OBJC_ARC = YES;
				CLANG_WARN_BOOL_CONVERSION = YES;
				CLANG_WARN_CONSTANT_CONVERSION = YES;
				CLANG_WARN_DIRECT_OBJC_ISA_USAGE = YES_ERROR;
				CLANG_WARN_DOCUMENTATION_COMMENTS = YES;
				CLANG_WARN_EMPTY_BODY = YES;
				CLANG_WARN_ENUM_CONVERSION = YES;
				CLANG_WARN_INFINITE_RECURSION = YES;
				CLANG_WARN_INT_CONVERSION = YES;
				CLANG_WARN_OBJC_ROOT_CLASS = YES_ERROR;
				CLANG_WARN_SUSPICIOUS_MOVE = YES;
				CLANG_WARN_UNREACHABLE_CODE = YES;
				CLANG_WARN__DUPLICATE_METHOD_MATCH = YES;
				"CODE_SIGN_IDENTITY[sdk=iphoneos*]" = "iPhone Developer";
				COPY_PHASE_STRIP = NO;
				DEBUG_INFORMATION_FORMAT = "dwarf-with-dsym";
				ENABLE_NS_ASSERTIONS = NO;
				ENABLE_STRICT_OBJC_MSGSEND = YES;
				GCC_C_LANGUAGE_STANDARD = gnu99;
				GCC_NO_COMMON_BLOCKS = YES;
				GCC_WARN_64_TO_32_BIT_CONVERSION = YES;
				GCC_WARN_ABOUT_RETURN_TYPE = YES_ERROR;
				GCC_WARN_UNDECLARED_SELECTOR = YES;
				GCC_WARN_UNINITIALIZED_AUTOS = YES_AGGRESSIVE;
				GCC_WARN_UNUSED_FUNCTION = YES;
				GCC_WARN_UNUSED_VARIABLE = YES;
				IPHONEOS_DEPLOYMENT_TARGET = 10.3;
				MTL_ENABLE_DEBUG_INFO = NO;
				SDKROOT = iphoneos;
				SWIFT_OPTIMIZATION_LEVEL = "-Owholemodule";
				TARGETED_DEVICE_FAMILY = 2;
				VALIDATE_PRODUCT = YES;
			};
			name = Release;
		};
		4DB8444D1F6085EC009D33CF /* Debug */ = {
			isa = XCBuildConfiguration;
			buildSettings = {
				ASSETCATALOG_COMPILER_APPICON_NAME = AppIcon;
				DEVELOPMENT_TEAM = 2XM2MCTE5S;
				INFOPLIST_FILE = Milestone10/Info.plist;
				LD_RUNPATH_SEARCH_PATHS = "$(inherited) @executable_path/Frameworks";
				PRODUCT_BUNDLE_IDENTIFIER = com.gameaholix.Milestone10;
				PRODUCT_NAME = "$(TARGET_NAME)";
				SWIFT_VERSION = 3.0;
			};
			name = Debug;
		};
		4DB8444E1F6085EC009D33CF /* Release */ = {
			isa = XCBuildConfiguration;
			buildSettings = {
				ASSETCATALOG_COMPILER_APPICON_NAME = AppIcon;
				DEVELOPMENT_TEAM = 2XM2MCTE5S;
				INFOPLIST_FILE = Milestone10/Info.plist;
				LD_RUNPATH_SEARCH_PATHS = "$(inherited) @executable_path/Frameworks";
				PRODUCT_BUNDLE_IDENTIFIER = com.gameaholix.Milestone10;
				PRODUCT_NAME = "$(TARGET_NAME)";
				SWIFT_VERSION = 3.0;
			};
			name = Release;
		};
/* End XCBuildConfiguration section */

/* Begin XCConfigurationList section */
		4DB844351F6085EB009D33CF /* Build configuration list for PBXProject "Milestone10" */ = {
			isa = XCConfigurationList;
			buildConfigurations = (
				4DB8444A1F6085EC009D33CF /* Debug */,
				4DB8444B1F6085EC009D33CF /* Release */,
			);
			defaultConfigurationIsVisible = 0;
			defaultConfigurationName = Release;
		};
		4DB8444C1F6085EC009D33CF /* Build configuration list for PBXNativeTarget "Milestone10" */ = {
			isa = XCConfigurationList;
			buildConfigurations = (
				4DB8444D1F6085EC009D33CF /* Debug */,
				4DB8444E1F6085EC009D33CF /* Release */,
			);
			defaultConfigurationIsVisible = 0;
		};
/* End XCConfigurationList section */
	};
	rootObject = 4DB844321F6085EB009D33CF /* Project object */;
}
